
Microsoft Visual Studio Solution File, Format Version 12.00
# Visual Studio Version 17
VisualStudioVersion = 17.1.32228.430
MinimumVisualStudioVersion = 10.0.40219.1
Project("{FAE04EC0-301F-11D3-BF4B-00C04F79EFBC}") = "exitshop-iot-uploader", "exitshop-iot-uploader.csproj", "{6623DBEE-29F2-4A3F-B172-E431FF6FB97D}"
EndProject
Global
	GlobalSection(SolutionConfigurationPlatforms) = preSolution
		Debug|Any CPU = Debug|Any CPU
		Release|Any CPU = Release|Any CPU
	EndGlobalSection
	GlobalSection(ProjectConfigurationPlatforms) = postSolution
		{6623DBEE-29F2-4A3F-B172-E431FF6FB97D}.Debug|Any CPU.ActiveCfg = Debug|Any CPU
		{6623DBEE-29F2-4A3F-B172-E431FF6FB97D}.Debug|Any CPU.Build.0 = Debug|Any CPU
		{6623DBEE-29F2-4A3F-B172-E431FF6FB97D}.Release|Any CPU.ActiveCfg = Release|Any CPU
		{6623DBEE-29F2-4A3F-B172-E431FF6FB97D}.Release|Any CPU.Build.0 = Release|Any CPU
	EndGlobalSection
	GlobalSection(SolutionProperties) = preSolution
		HideSolutionNode = FALSE
	EndGlobalSection
	GlobalSection(ExtensibilityGlobals) = postSolution
		SolutionGuid = {C7687703-09DF-4E29-83C0-553F61803338}
	EndGlobalSection
EndGlobal
